devDependencies:
  '@sveltejs/vite-plugin-svelte': 1.0.0-next.6_svelte@3.37.0+vite@2.1.5
  svelte: 3.37.0
  svelte-element-ui: 1.2.6
  svelte-preprocess: 4.7.0_svelte@3.37.0+typescript@4.2.4
  typescript: 4.2.4
  vite: 2.1.5
lockfileVersion: 5.2
packages:
  /@rollup/pluginutils/4.1.0:
    dependencies:
      estree-walker: 2.0.2
      picomatch: 2.2.3
    dev: true
    engines:
      node: '>= 8.0.0'
    peerDependencies:
      rollup: ^1.20.0||^2.0.0
    resolution:
      integrity: sha1-Dcxhx4DjkldVT+t/dyB9zsoTyDg=
      tarball: '@rollup/pluginutils/download/@rollup/pluginutils-4.1.0.tgz'
  /@sveltejs/vite-plugin-svelte/1.0.0-next.6_svelte@3.37.0+vite@2.1.5:
    dependencies:
      '@rollup/pluginutils': 4.1.0
      chalk: 4.1.0
      debug: 4.3.2
      hash-sum: 2.0.0
      require-relative: 0.8.7
      slash: 3.0.0
      source-map: 0.7.3
      svelte: 3.37.0
      svelte-hmr: 0.14.0_svelte@3.37.0
      vite: 2.1.5
    dev: true
    engines:
      node: '>=12.0.0'
    peerDependencies:
      svelte: ^3.37.0
      vite: ^2.1.5
    resolution:
      integrity: sha1-wWZ6+bgkXTHcrMipFCIdgX1rwgI=
      tarball: '@sveltejs/vite-plugin-svelte/download/@sveltejs/vite-plugin-svelte-1.0.0-next.6.tgz'
  /@types/node/14.14.39:
    dev: true
    resolution:
      integrity: sha1-nvOU1OtSlT0okOSDk5PDCaol0tE=
      tarball: '@types/node/download/@types/node-14.14.39.tgz'
  /@types/pug/2.0.4:
    dev: true
    resolution:
      integrity: sha1-h3L80EGOPNLMFxVV1zAHQVBR9LI=
      tarball: '@types/pug/download/@types/pug-2.0.4.tgz'
  /@types/sass/1.16.0:
    dependencies:
      '@types/node': 14.14.39
    dev: true
    resolution:
      integrity: sha1-tBrBwX+mj/tX1D4jYEhu9Saz1X0=
      tarball: '@types/sass/download/@types/sass-1.16.0.tgz'
  /ansi-styles/4.3.0:
    dependencies:
      color-convert: 2.0.1
    dev: true
    engines:
      node: '>=8'
    resolution:
      integrity: sha1-7dgDYornHATIWuegkG7a00tkiTc=
      tarball: ansi-styles/download/ansi-styles-4.3.0.tgz
  /chalk/4.1.0:
    dependencies:
      ansi-styles: 4.3.0
      supports-color: 7.2.0
    dev: true
    engines:
      node: '>=10'
    resolution:
      integrity: sha1-ThSHCmGNni7dl92DRf2dncMVZGo=
      tarball: chalk/download/chalk-4.1.0.tgz
  /color-convert/2.0.1:
    dependencies:
      color-name: 1.1.4
    dev: true
    engines:
      node: '>=7.0.0'
    resolution:
      integrity: sha1-ctOmjVmMm9s68q0ehPIdiWq9TeM=
      tarball: color-convert/download/color-convert-2.0.1.tgz
  /color-name/1.1.4:
    dev: true
    resolution:
      integrity: sha1-wqCah6y95pVD3m9j+jmVyCbFNqI=
      tarball: color-name/download/color-name-1.1.4.tgz
  /colorette/1.2.2:
    dev: true
    resolution:
      integrity: sha1-y8x51emcrqLb8Q6zom/Ys+as+pQ=
      tarball: colorette/download/colorette-1.2.2.tgz
  /debug/4.3.2:
    dependencies:
      ms: 2.1.2
    dev: true
    engines:
      node: '>=6.0'
    resolution:
      integrity: sha1-8KScGKyHeeMdSgxgKd+3aHPHQos=
      tarball: debug/download/debug-4.3.2.tgz?cache=0&sync_timestamp=1617756200761&other_urls=https%3A%2F%2Fregistry.npm.taobao.org%2Fdebug%2Fdownload%2Fdebug-4.3.2.tgz
  /detect-indent/6.0.0:
    dev: true
    engines:
      node: '>=8'
    resolution:
      integrity: sha1-Cr0PVJ9p/GZZolT+lnhhhrb1KP0=
      tarball: detect-indent/download/detect-indent-6.0.0.tgz
  /esbuild/0.9.7:
    dev: true
    hasBin: true
    requiresBuild: true
    resolution:
      integrity: sha1-6g1jnL5LiOwl++1Nb/AMjXiO9ws=
      tarball: esbuild/download/esbuild-0.9.7.tgz
  /estree-walker/2.0.2:
    dev: true
    resolution:
      integrity: sha1-UvAQF4wqTBF6d1fP6UKtt9LaTKw=
      tarball: estree-walker/download/estree-walker-2.0.2.tgz
  /fsevents/2.3.2:
    dev: true
    engines:
      node: ^8.16.0 || ^10.6.0 || >=11.0.0
    optional: true
    resolution:
      integrity: sha1-ilJveLj99GI7cJ4Ll1xSwkwC/Ro=
      tarball: fsevents/download/fsevents-2.3.2.tgz
  /function-bind/1.1.1:
    dev: true
    resolution:
      integrity: sha1-pWiZ0+o8m6uHS7l3O3xe3pL0iV0=
      tarball: function-bind/download/function-bind-1.1.1.tgz
  /has-flag/4.0.0:
    dev: true
    engines:
      node: '>=8'
    resolution:
      integrity: sha1-lEdx/ZyByBJlxNaUGGDaBrtZR5s=
      tarball: has-flag/download/has-flag-4.0.0.tgz
  /has/1.0.3:
    dependencies:
      function-bind: 1.1.1
    dev: true
    engines:
      node: '>= 0.4.0'
    resolution:
      integrity: sha1-ci18v8H2qoJB8W3YFOAR4fQeh5Y=
      tarball: has/download/has-1.0.3.tgz
  /hash-sum/2.0.0:
    dev: true
    resolution:
      integrity: sha1-gdAbtd6OpKIUrV1urRtSNGCwtFo=
      tarball: hash-sum/download/hash-sum-2.0.0.tgz
  /is-core-module/2.2.0:
    dependencies:
      has: 1.0.3
    dev: true
    resolution:
      integrity: sha1-lwN+89UiJNhRY/VZeytj2a/tmBo=
      tarball: is-core-module/download/is-core-module-2.2.0.tgz
  /min-indent/1.0.1:
    dev: true
    engines:
      node: '>=4'
    resolution:
      integrity: sha1-pj9oFnOzBXH76LwlaGrnRu76mGk=
      tarball: min-indent/download/min-indent-1.0.1.tgz
  /ms/2.1.2:
    dev: true
    resolution:
      integrity: sha1-0J0fNXtEP0kzgqjrPM0YOHKuYAk=
      tarball: ms/download/ms-2.1.2.tgz
  /nanoid/3.1.22:
    dev: true
    engines:
      node: ^10 || ^12 || ^13.7 || ^14 || >=15.0.1
    hasBin: true
    resolution:
      integrity: sha1-s1+Pt9FRmQqK69WqUBXAPPcm+EQ=
      tarball: nanoid/download/nanoid-3.1.22.tgz
  /path-parse/1.0.6:
    dev: true
    resolution:
      integrity: sha1-1i27VnlAXXLEc37FhgDp3c8G0kw=
      tarball: path-parse/download/path-parse-1.0.6.tgz
  /picomatch/2.2.3:
    dev: true
    engines:
      node: '>=8.6'
    resolution:
      integrity: sha1-RlVH81nMwgbTxI5Goby4m/fuYZ0=
      tarball: picomatch/download/picomatch-2.2.3.tgz
  /postcss/8.2.10:
    dependencies:
      colorette: 1.2.2
      nanoid: 3.1.22
      source-map: 0.6.1
    dev: true
    engines:
      node: ^10 || ^12 || >=14
    resolution:
      integrity: sha1-ynoEKqiv9JSzNND/Pp53B59vcCs=
      tarball: postcss/download/postcss-8.2.10.tgz
  /require-relative/0.8.7:
    dev: true
    resolution:
      integrity: sha1-eZlTn8ngR6N5KPoZb44VY9q9Nt4=
      tarball: require-relative/download/require-relative-0.8.7.tgz
  /resolve/1.20.0:
    dependencies:
      is-core-module: 2.2.0
      path-parse: 1.0.6
    dev: true
    resolution:
      integrity: sha1-YpoBP7P3B1XW8LeTXMHCxTeLGXU=
      tarball: resolve/download/resolve-1.20.0.tgz
  /rollup/2.45.2:
    dev: true
    engines:
      node: '>=10.0.0'
    hasBin: true
    optionalDependencies:
      fsevents: 2.3.2
    resolution:
      integrity: sha1-j7hZF8nzVgVyDpIyjzzL+6b3i0g=
      tarball: rollup/download/rollup-2.45.2.tgz
  /slash/3.0.0:
    dev: true
    engines:
      node: '>=8'
    resolution:
      integrity: sha1-ZTm+hwwWWtvVJAIg2+Nh8bxNRjQ=
      tarball: slash/download/slash-3.0.0.tgz
  /source-map/0.6.1:
    dev: true
    engines:
      node: '>=0.10.0'
    resolution:
      integrity: sha1-dHIq8y6WFOnCh6jQu95IteLxomM=
      tarball: source-map/download/source-map-0.6.1.tgz
  /source-map/0.7.3:
    dev: true
    engines:
      node: '>= 8'
    resolution:
      integrity: sha1-UwL4FpAxc1ImVECS5kmB91F1A4M=
      tarball: source-map/download/source-map-0.7.3.tgz
  /strip-indent/3.0.0:
    dependencies:
      min-indent: 1.0.1
    dev: true
    engines:
      node: '>=8'
    resolution:
      integrity: sha1-wy4c7pQLazQyx3G8LFS8znPNMAE=
      tarball: strip-indent/download/strip-indent-3.0.0.tgz
  /supports-color/7.2.0:
    dependencies:
      has-flag: 4.0.0
    dev: true
    engines:
      node: '>=8'
    resolution:
      integrity: sha1-G33NyzK4E4gBs+R4umpRyqiWSNo=
      tarball: supports-color/download/supports-color-7.2.0.tgz
  /svelte-element-ui/1.2.6:
    dev: true
    resolution:
      integrity: sha1-DEqEAu1q+GWyHmhnAegi5QhPGe0=
      tarball: svelte-element-ui/download/svelte-element-ui-1.2.6.tgz
  /svelte-hmr/0.14.0_svelte@3.37.0:
    dependencies:
      svelte: 3.37.0
    dev: true
    peerDependencies:
      svelte: '>=3.19.0'
    resolution:
      integrity: sha1-0RxtK1PR583lG1fNt+ZcDkQVy40=
      tarball: svelte-hmr/download/svelte-hmr-0.14.0.tgz
  /svelte-preprocess/4.7.0_svelte@3.37.0+typescript@4.2.4:
    dependencies:
      '@types/pug': 2.0.4
      '@types/sass': 1.16.0
      detect-indent: 6.0.0
      strip-indent: 3.0.0
      svelte: 3.37.0
      typescript: 4.2.4
    dev: true
    engines:
      node: '>= 9.11.2'
    peerDependencies:
      '@babel/core': ^7.10.2
      coffeescript: ^2.5.1
      less: ^3.11.3
      node-sass: '*'
      postcss: ^7 || ^8
      postcss-load-config: ^2.1.0 || ^3.0.0
      pug: ^3.0.0
      sass: ^1.26.8
      stylus: ^0.54.7
      sugarss: ^2.0.0
      svelte: ^3.23.0
      typescript: ^3.9.5 || ^4.0.0
    peerDependenciesMeta:
      '@babel/core':
        optional: true
      coffeescript:
        optional: true
      less:
        optional: true
      node-sass:
        optional: true
      postcss:
        optional: true
      postcss-load-config:
        optional: true
      pug:
        optional: true
      sass:
        optional: true
      stylus:
        optional: true
      sugarss:
        optional: true
      typescript:
        optional: true
    requiresBuild: true
    resolution:
      integrity: sha1-EKCs8aixr91+Cv83afQXXrd3dv4=
      tarball: svelte-preprocess/download/svelte-preprocess-4.7.0.tgz
  /svelte/3.37.0:
    dev: true
    engines:
      node: '>= 8'
    resolution:
      integrity: sha1-3HzSS8wnXNs/jGhK2onlBIkUTM0=
      tarball: svelte/download/svelte-3.37.0.tgz
  /typescript/4.2.4:
    dev: true
    engines:
      node: '>=4.2.0'
    hasBin: true
    resolution:
      integrity: sha1-hhC1l0feAo/aiYqK7w4QPxVtCWE=
      tarball: typescript/download/typescript-4.2.4.tgz
  /vite/2.1.5:
    dependencies:
      esbuild: 0.9.7
      postcss: 8.2.10
      resolve: 1.20.0
      rollup: 2.45.2
    dev: true
    engines:
      node: '>=12.0.0'
    hasBin: true
    optionalDependencies:
      fsevents: 2.3.2
    resolution:
      integrity: sha1-SFfaRBxi95gsg8vV9CoAMw8gycE=
      tarball: vite/download/vite-2.1.5.tgz
specifiers:
  '@sveltejs/vite-plugin-svelte': next
  svelte: ^3.35.0
  svelte-element-ui: ^1.2.6
  svelte-preprocess: ^4.6.9
  typescript: ^4.2.3
  vite: ^2.1.5
